
Microsoft Visual Studio Solution File, Format Version 12.00
# Visual Studio Version 16
VisualStudioVersion = 16.0.31112.23
MinimumVisualStudioVersion = 10.0.40219.1
Project("{2150E333-8FDC-42A3-9474-1A3956D46DE8}") = "Chapter01", "Chapter01", "{70D05204-1B11-40EE-8759-8D1BF2CFB86D}"
EndProject
Project("{FAE04EC0-301F-11D3-BF4B-00C04F79EFBC}") = "DistanceConverter", "DistanceConverter\DistanceConverter.csproj", "{862F09B3-00F9-4F74-A348-7A0DAFF34987}"
EndProject
Project("{FAE04EC0-301F-11D3-BF4B-00C04F79EFBC}") = "SalesCalculator", "SalesCalculator\SalesCalculator.csproj", "{597FB45D-798B-4A0C-83E0-57C603E73F50}"
EndProject
Project("{FAE04EC0-301F-11D3-BF4B-00C04F79EFBC}") = "Exercise1", "Exercise1\Exercise1.csproj", "{202AFCE7-96FE-476D-AB9B-46ACBE9018D7}"
EndProject
Project("{2150E333-8FDC-42A3-9474-1A3956D46DE8}") = "Exercise", "Exercise", "{D265D0E9-831B-43DE-BFD0-7254D3399BDF}"
EndProject
Project("{FAE04EC0-301F-11D3-BF4B-00C04F79EFBC}") = "Exercise2", "Exercise2\Exercise2.csproj", "{9AECCCBE-DD4A-49ED-96FE-E55090E1AC48}"
EndProject
Project("{FAE04EC0-301F-11D3-BF4B-00C04F79EFBC}") = "Exercise3", "Exercise3\Exercise3.csproj", "{BC6E2A69-0195-4005-B7EC-CE84F50D06DE}"
EndProject
Project("{2150E333-8FDC-42A3-9474-1A3956D46DE8}") = "Chapter03", "Chapter03", "{F2DDCB3E-2F2A-4FCF-864E-5310EE1D8BD5}"
EndProject
Project("{FAE04EC0-301F-11D3-BF4B-00C04F79EFBC}") = "Section01", "Section01\Section01.csproj", "{85654FBA-390B-4778-B89D-C06342D0539A}"
EndProject
Project("{FAE04EC0-301F-11D3-BF4B-00C04F79EFBC}") = "Section01", "Chapter04\Section01\Section01.csproj", "{E1589F5F-74BD-48E2-8D0E-129E8B212E2D}"
EndProject
Project("{2150E333-8FDC-42A3-9474-1A3956D46DE8}") = "Chapter04", "Chapter04", "{881000C5-0DE5-4A5B-9340-BED4EAC3B9F6}"
EndProject
Project("{FAE04EC0-301F-11D3-BF4B-00C04F79EFBC}") = "Exercise1", "Chapter04\Exercise\Exercise1\Exercise1.csproj", "{8987194A-3519-41AC-A6FF-74B8A8DA01B1}"
EndProject
Project("{2150E333-8FDC-42A3-9474-1A3956D46DE8}") = "Exercise", "Exercise", "{CAC1122F-99FE-4783-AB1D-066CADFE11F2}"
EndProject
Project("{FAE04EC0-301F-11D3-BF4B-00C04F79EFBC}") = "Exercise2", "Chapter04\Exercise\Exercise2\Exercise2.csproj", "{4F7B2721-26F5-4891-9CAD-422159BE506F}"
EndProject
Project("{2150E333-8FDC-42A3-9474-1A3956D46DE8}") = "Chapter05", "Chapter05", "{9F3FC829-4A34-4C11-814F-94AB3B7ED626}"
EndProject
Project("{FAE04EC0-301F-11D3-BF4B-00C04F79EFBC}") = "Exercise1", "Chapter05\Exercise1\Exercise1.csproj", "{AF8CAD96-3044-4680-B516-F69555A2A829}"
EndProject
Project("{FAE04EC0-301F-11D3-BF4B-00C04F79EFBC}") = "Execise2", "Execise2\Execise2.csproj", "{712FAD40-A6B3-4E70-ABEC-09E9804D810A}"
EndProject
Project("{FAE04EC0-301F-11D3-BF4B-00C04F79EFBC}") = "Exercise3", "Chapter05\Exercise3\Exercise3.csproj", "{2E2D01C8-A1F8-4012-BCF3-8A2486DE2BEC}"
EndProject
Project("{FAE04EC0-301F-11D3-BF4B-00C04F79EFBC}") = "Section01", "Chapter06\Section01\Section01.csproj", "{8FC82E8A-E7D5-4296-B0AF-3EDAE32CD4FE}"
EndProject
Project("{2150E333-8FDC-42A3-9474-1A3956D46DE8}") = "Chapter06", "Chapter06", "{90AEE6EB-D9C5-4A02-905B-1C41430BAA97}"
EndProject
Project("{2150E333-8FDC-42A3-9474-1A3956D46DE8}") = "Exercise", "Exercise", "{2815B9FE-248E-45AB-AC95-4666B3909539}"
EndProject
Project("{FAE04EC0-301F-11D3-BF4B-00C04F79EFBC}") = "Exercise1", "Chapter06\Exercise\Exercise1\Exercise1.csproj", "{D8630944-CF86-4C9D-8D9A-ED44E174C301}"
EndProject
Project("{FAE04EC0-301F-11D3-BF4B-00C04F79EFBC}") = "Exercise2", "Chapter06\Exercise\Exercise2\Exercise2.csproj", "{8B2D1D3A-FD90-4257-8865-CE5223335B72}"
EndProject
Project("{2150E333-8FDC-42A3-9474-1A3956D46DE8}") = "Chapter07", "Chapter07", "{83057A06-7F5D-4699-B5DE-5CF0E63B7B93}"
EndProject
Project("{FAE04EC0-301F-11D3-BF4B-00C04F79EFBC}") = "Exercise1", "Chapter07\Exercise1\Exercise1.csproj", "{0C2ECAE5-5B13-45E8-9810-42F065B80D64}"
EndProject
Project("{FAE04EC0-301F-11D3-BF4B-00C04F79EFBC}") = "Section03", "Chapter07\Section03\Section03.csproj", "{9666A25E-BC82-487A-A2BF-FF02E7DD010C}"
EndProject
Project("{2150E333-8FDC-42A3-9474-1A3956D46DE8}") = "Chapter08", "Chapter08", "{31CD92B2-E421-4E2E-87B2-AE117E1516AD}"
EndProject
Project("{FAE04EC0-301F-11D3-BF4B-00C04F79EFBC}") = "Exercise1", "Chapter08\Exercise1\Exercise1.csproj", "{8C55D8BE-42E7-49BB-8DC6-09AB33BFF072}"
EndProject
Project("{2150E333-8FDC-42A3-9474-1A3956D46DE8}") = "Exercise", "Exercise", "{D08CEF07-2373-41A9-912E-54ADBAA41590}"
EndProject
Project("{FAE04EC0-301F-11D3-BF4B-00C04F79EFBC}") = "Execise1", "Chapter08\Exercise\Execise1\Execise1.csproj", "{72DB359F-7A83-48B9-96FC-B800538EA3DD}"
EndProject
Project("{FAE04EC0-301F-11D3-BF4B-00C04F79EFBC}") = "StopWatch", "Chapter08\Exercise\StopWatch\StopWatch.csproj", "{E820EEDE-23A1-49A6-B35E-8BB3DDB0E9EC}"
EndProject
Project("{2150E333-8FDC-42A3-9474-1A3956D46DE8}") = "CarReportSystem", "CarReportSystem", "{F4F6B7D5-3858-4786-B8CA-4C141A65B4BA}"
EndProject
Project("{FAE04EC0-301F-11D3-BF4B-00C04F79EFBC}") = "CarReportSystem", "CarReportSystem\CarReportSystem\CarReportSystem.csproj", "{61A3C96D-1119-4EC4-9A7E-EBD212C02972}"
EndProject
Project("{FAE04EC0-301F-11D3-BF4B-00C04F79EFBC}") = "Exercise1", "Chapter09\Exercise1\Exercise1.csproj", "{3945A224-D924-4745-80D4-50BF12F2EAB8}"
EndProject
Project("{2150E333-8FDC-42A3-9474-1A3956D46DE8}") = "Chapter09", "Chapter09", "{AE18957B-93D8-47E9-BE6A-F581AFE97BD7}"
EndProject
Global
	GlobalSection(SolutionConfigurationPlatforms) = preSolution
		Debug|Any CPU = Debug|Any CPU
		Release|Any CPU = Release|Any CPU
	EndGlobalSection
	GlobalSection(ProjectConfigurationPlatforms) = postSolution
		{862F09B3-00F9-4F74-A348-7A0DAFF34987}.Debug|Any CPU.ActiveCfg = Debug|Any CPU
		{862F09B3-00F9-4F74-A348-7A0DAFF34987}.Debug|Any CPU.Build.0 = Debug|Any CPU
		{862F09B3-00F9-4F74-A348-7A0DAFF34987}.Release|Any CPU.ActiveCfg = Release|Any CPU
		{862F09B3-00F9-4F74-A348-7A0DAFF34987}.Release|Any CPU.Build.0 = Release|Any CPU
		{597FB45D-798B-4A0C-83E0-57C603E73F50}.Debug|Any CPU.ActiveCfg = Debug|Any CPU
		{597FB45D-798B-4A0C-83E0-57C603E73F50}.Debug|Any CPU.Build.0 = Debug|Any CPU
		{597FB45D-798B-4A0C-83E0-57C603E73F50}.Release|Any CPU.ActiveCfg = Release|Any CPU
		{597FB45D-798B-4A0C-83E0-57C603E73F50}.Release|Any CPU.Build.0 = Release|Any CPU
		{202AFCE7-96FE-476D-AB9B-46ACBE9018D7}.Debug|Any CPU.ActiveCfg = Debug|Any CPU
		{202AFCE7-96FE-476D-AB9B-46ACBE9018D7}.Debug|Any CPU.Build.0 = Debug|Any CPU
		{202AFCE7-96FE-476D-AB9B-46ACBE9018D7}.Release|Any CPU.ActiveCfg = Release|Any CPU
		{202AFCE7-96FE-476D-AB9B-46ACBE9018D7}.Release|Any CPU.Build.0 = Release|Any CPU
		{9AECCCBE-DD4A-49ED-96FE-E55090E1AC48}.Debug|Any CPU.ActiveCfg = Debug|Any CPU
		{9AECCCBE-DD4A-49ED-96FE-E55090E1AC48}.Debug|Any CPU.Build.0 = Debug|Any CPU
		{9AECCCBE-DD4A-49ED-96FE-E55090E1AC48}.Release|Any CPU.ActiveCfg = Release|Any CPU
		{9AECCCBE-DD4A-49ED-96FE-E55090E1AC48}.Release|Any CPU.Build.0 = Release|Any CPU
		{BC6E2A69-0195-4005-B7EC-CE84F50D06DE}.Debug|Any CPU.ActiveCfg = Debug|Any CPU
		{BC6E2A69-0195-4005-B7EC-CE84F50D06DE}.Debug|Any CPU.Build.0 = Debug|Any CPU
		{BC6E2A69-0195-4005-B7EC-CE84F50D06DE}.Release|Any CPU.ActiveCfg = Release|Any CPU
		{BC6E2A69-0195-4005-B7EC-CE84F50D06DE}.Release|Any CPU.Build.0 = Release|Any CPU
		{85654FBA-390B-4778-B89D-C06342D0539A}.Debug|Any CPU.ActiveCfg = Debug|Any CPU
		{85654FBA-390B-4778-B89D-C06342D0539A}.Debug|Any CPU.Build.0 = Debug|Any CPU
		{85654FBA-390B-4778-B89D-C06342D0539A}.Release|Any CPU.ActiveCfg = Release|Any CPU
		{85654FBA-390B-4778-B89D-C06342D0539A}.Release|Any CPU.Build.0 = Release|Any CPU
		{E1589F5F-74BD-48E2-8D0E-129E8B212E2D}.Debug|Any CPU.ActiveCfg = Debug|Any CPU
		{E1589F5F-74BD-48E2-8D0E-129E8B212E2D}.Debug|Any CPU.Build.0 = Debug|Any CPU
		{E1589F5F-74BD-48E2-8D0E-129E8B212E2D}.Release|Any CPU.ActiveCfg = Release|Any CPU
		{E1589F5F-74BD-48E2-8D0E-129E8B212E2D}.Release|Any CPU.Build.0 = Release|Any CPU
		{8987194A-3519-41AC-A6FF-74B8A8DA01B1}.Debug|Any CPU.ActiveCfg = Debug|Any CPU
		{8987194A-3519-41AC-A6FF-74B8A8DA01B1}.Debug|Any CPU.Build.0 = Debug|Any CPU
		{8987194A-3519-41AC-A6FF-74B8A8DA01B1}.Release|Any CPU.ActiveCfg = Release|Any CPU
		{8987194A-3519-41AC-A6FF-74B8A8DA01B1}.Release|Any CPU.Build.0 = Release|Any CPU
		{4F7B2721-26F5-4891-9CAD-422159BE506F}.Debug|Any CPU.ActiveCfg = Debug|Any CPU
		{4F7B2721-26F5-4891-9CAD-422159BE506F}.Debug|Any CPU.Build.0 = Debug|Any CPU
		{4F7B2721-26F5-4891-9CAD-422159BE506F}.Release|Any CPU.ActiveCfg = Release|Any CPU
		{4F7B2721-26F5-4891-9CAD-422159BE506F}.Release|Any CPU.Build.0 = Release|Any CPU
		{AF8CAD96-3044-4680-B516-F69555A2A829}.Debug|Any CPU.ActiveCfg = Debug|Any CPU
		{AF8CAD96-3044-4680-B516-F69555A2A829}.Debug|Any CPU.Build.0 = Debug|Any CPU
		{AF8CAD96-3044-4680-B516-F69555A2A829}.Release|Any CPU.ActiveCfg = Release|Any CPU
		{AF8CAD96-3044-4680-B516-F69555A2A829}.Release|Any CPU.Build.0 = Release|Any CPU
		{712FAD40-A6B3-4E70-ABEC-09E9804D810A}.Debug|Any CPU.ActiveCfg = Debug|Any CPU
		{712FAD40-A6B3-4E70-ABEC-09E9804D810A}.Debug|Any CPU.Build.0 = Debug|Any CPU
		{712FAD40-A6B3-4E70-ABEC-09E9804D810A}.Release|Any CPU.ActiveCfg = Release|Any CPU
		{712FAD40-A6B3-4E70-ABEC-09E9804D810A}.Release|Any CPU.Build.0 = Release|Any CPU
		{2E2D01C8-A1F8-4012-BCF3-8A2486DE2BEC}.Debug|Any CPU.ActiveCfg = Debug|Any CPU
		{2E2D01C8-A1F8-4012-BCF3-8A2486DE2BEC}.Debug|Any CPU.Build.0 = Debug|Any CPU
		{2E2D01C8-A1F8-4012-BCF3-8A2486DE2BEC}.Release|Any CPU.ActiveCfg = Release|Any CPU
		{2E2D01C8-A1F8-4012-BCF3-8A2486DE2BEC}.Release|Any CPU.Build.0 = Release|Any CPU
		{8FC82E8A-E7D5-4296-B0AF-3EDAE32CD4FE}.Debug|Any CPU.ActiveCfg = Debug|Any CPU
		{8FC82E8A-E7D5-4296-B0AF-3EDAE32CD4FE}.Debug|Any CPU.Build.0 = Debug|Any CPU
		{8FC82E8A-E7D5-4296-B0AF-3EDAE32CD4FE}.Release|Any CPU.ActiveCfg = Release|Any CPU
		{8FC82E8A-E7D5-4296-B0AF-3EDAE32CD4FE}.Release|Any CPU.Build.0 = Release|Any CPU
		{D8630944-CF86-4C9D-8D9A-ED44E174C301}.Debug|Any CPU.ActiveCfg = Debug|Any CPU
		{D8630944-CF86-4C9D-8D9A-ED44E174C301}.Debug|Any CPU.Build.0 = Debug|Any CPU
		{D8630944-CF86-4C9D-8D9A-ED44E174C301}.Release|Any CPU.ActiveCfg = Release|Any CPU
		{D8630944-CF86-4C9D-8D9A-ED44E174C301}.Release|Any CPU.Build.0 = Release|Any CPU
		{8B2D1D3A-FD90-4257-8865-CE5223335B72}.Debug|Any CPU.ActiveCfg = Debug|Any CPU
		{8B2D1D3A-FD90-4257-8865-CE5223335B72}.Debug|Any CPU.Build.0 = Debug|Any CPU
		{8B2D1D3A-FD90-4257-8865-CE5223335B72}.Release|Any CPU.ActiveCfg = Release|Any CPU
		{8B2D1D3A-FD90-4257-8865-CE5223335B72}.Release|Any CPU.Build.0 = Release|Any CPU
		{0C2ECAE5-5B13-45E8-9810-42F065B80D64}.Debug|Any CPU.ActiveCfg = Debug|Any CPU
		{0C2ECAE5-5B13-45E8-9810-42F065B80D64}.Debug|Any CPU.Build.0 = Debug|Any CPU
		{0C2ECAE5-5B13-45E8-9810-42F065B80D64}.Release|Any CPU.ActiveCfg = Release|Any CPU
		{0C2ECAE5-5B13-45E8-9810-42F065B80D64}.Release|Any CPU.Build.0 = Release|Any CPU
		{9666A25E-BC82-487A-A2BF-FF02E7DD010C}.Debug|Any CPU.ActiveCfg = Debug|Any CPU
		{9666A25E-BC82-487A-A2BF-FF02E7DD010C}.Debug|Any CPU.Build.0 = Debug|Any CPU
		{9666A25E-BC82-487A-A2BF-FF02E7DD010C}.Release|Any CPU.ActiveCfg = Release|Any CPU
		{9666A25E-BC82-487A-A2BF-FF02E7DD010C}.Release|Any CPU.Build.0 = Release|Any CPU
		{8C55D8BE-42E7-49BB-8DC6-09AB33BFF072}.Debug|Any CPU.ActiveCfg = Debug|Any CPU
		{8C55D8BE-42E7-49BB-8DC6-09AB33BFF072}.Debug|Any CPU.Build.0 = Debug|Any CPU
		{8C55D8BE-42E7-49BB-8DC6-09AB33BFF072}.Release|Any CPU.ActiveCfg = Release|Any CPU
		{8C55D8BE-42E7-49BB-8DC6-09AB33BFF072}.Release|Any CPU.Build.0 = Release|Any CPU
		{72DB359F-7A83-48B9-96FC-B800538EA3DD}.Debug|Any CPU.ActiveCfg = Debug|Any CPU
		{72DB359F-7A83-48B9-96FC-B800538EA3DD}.Debug|Any CPU.Build.0 = Debug|Any CPU
		{72DB359F-7A83-48B9-96FC-B800538EA3DD}.Release|Any CPU.ActiveCfg = Release|Any CPU
		{72DB359F-7A83-48B9-96FC-B800538EA3DD}.Release|Any CPU.Build.0 = Release|Any CPU
		{E820EEDE-23A1-49A6-B35E-8BB3DDB0E9EC}.Debug|Any CPU.ActiveCfg = Debug|Any CPU
		{E820EEDE-23A1-49A6-B35E-8BB3DDB0E9EC}.Debug|Any CPU.Build.0 = Debug|Any CPU
		{E820EEDE-23A1-49A6-B35E-8BB3DDB0E9EC}.Release|Any CPU.ActiveCfg = Release|Any CPU
		{E820EEDE-23A1-49A6-B35E-8BB3DDB0E9EC}.Release|Any CPU.Build.0 = Release|Any CPU
		{61A3C96D-1119-4EC4-9A7E-EBD212C02972}.Debug|Any CPU.ActiveCfg = Debug|Any CPU
		{61A3C96D-1119-4EC4-9A7E-EBD212C02972}.Debug|Any CPU.Build.0 = Debug|Any CPU
		{61A3C96D-1119-4EC4-9A7E-EBD212C02972}.Release|Any CPU.ActiveCfg = Release|Any CPU
		{61A3C96D-1119-4EC4-9A7E-EBD212C02972}.Release|Any CPU.Build.0 = Release|Any CPU
		{3945A224-D924-4745-80D4-50BF12F2EAB8}.Debug|Any CPU.ActiveCfg = Debug|Any CPU
		{3945A224-D924-4745-80D4-50BF12F2EAB8}.Debug|Any CPU.Build.0 = Debug|Any CPU
		{3945A224-D924-4745-80D4-50BF12F2EAB8}.Release|Any CPU.ActiveCfg = Release|Any CPU
		{3945A224-D924-4745-80D4-50BF12F2EAB8}.Release|Any CPU.Build.0 = Release|Any CPU
	EndGlobalSection
	GlobalSection(SolutionProperties) = preSolution
		HideSolutionNode = FALSE
	EndGlobalSection
	GlobalSection(NestedProjects) = preSolution
		{862F09B3-00F9-4F74-A348-7A0DAFF34987} = {70D05204-1B11-40EE-8759-8D1BF2CFB86D}
		{597FB45D-798B-4A0C-83E0-57C603E73F50} = {70D05204-1B11-40EE-8759-8D1BF2CFB86D}
		{202AFCE7-96FE-476D-AB9B-46ACBE9018D7} = {D265D0E9-831B-43DE-BFD0-7254D3399BDF}
		{D265D0E9-831B-43DE-BFD0-7254D3399BDF} = {70D05204-1B11-40EE-8759-8D1BF2CFB86D}
		{9AECCCBE-DD4A-49ED-96FE-E55090E1AC48} = {D265D0E9-831B-43DE-BFD0-7254D3399BDF}
		{BC6E2A69-0195-4005-B7EC-CE84F50D06DE} = {D265D0E9-831B-43DE-BFD0-7254D3399BDF}
		{85654FBA-390B-4778-B89D-C06342D0539A} = {F2DDCB3E-2F2A-4FCF-864E-5310EE1D8BD5}
		{E1589F5F-74BD-48E2-8D0E-129E8B212E2D} = {881000C5-0DE5-4A5B-9340-BED4EAC3B9F6}
		{8987194A-3519-41AC-A6FF-74B8A8DA01B1} = {CAC1122F-99FE-4783-AB1D-066CADFE11F2}
		{CAC1122F-99FE-4783-AB1D-066CADFE11F2} = {881000C5-0DE5-4A5B-9340-BED4EAC3B9F6}
		{4F7B2721-26F5-4891-9CAD-422159BE506F} = {CAC1122F-99FE-4783-AB1D-066CADFE11F2}
		{AF8CAD96-3044-4680-B516-F69555A2A829} = {9F3FC829-4A34-4C11-814F-94AB3B7ED626}
		{712FAD40-A6B3-4E70-ABEC-09E9804D810A} = {9F3FC829-4A34-4C11-814F-94AB3B7ED626}
		{2E2D01C8-A1F8-4012-BCF3-8A2486DE2BEC} = {9F3FC829-4A34-4C11-814F-94AB3B7ED626}
		{8FC82E8A-E7D5-4296-B0AF-3EDAE32CD4FE} = {90AEE6EB-D9C5-4A02-905B-1C41430BAA97}
		{2815B9FE-248E-45AB-AC95-4666B3909539} = {90AEE6EB-D9C5-4A02-905B-1C41430BAA97}
		{D8630944-CF86-4C9D-8D9A-ED44E174C301} = {2815B9FE-248E-45AB-AC95-4666B3909539}
		{8B2D1D3A-FD90-4257-8865-CE5223335B72} = {2815B9FE-248E-45AB-AC95-4666B3909539}
		{0C2ECAE5-5B13-45E8-9810-42F065B80D64} = {83057A06-7F5D-4699-B5DE-5CF0E63B7B93}
		{9666A25E-BC82-487A-A2BF-FF02E7DD010C} = {83057A06-7F5D-4699-B5DE-5CF0E63B7B93}
		{8C55D8BE-42E7-49BB-8DC6-09AB33BFF072} = {31CD92B2-E421-4E2E-87B2-AE117E1516AD}
		{D08CEF07-2373-41A9-912E-54ADBAA41590} = {31CD92B2-E421-4E2E-87B2-AE117E1516AD}
		{72DB359F-7A83-48B9-96FC-B800538EA3DD} = {D08CEF07-2373-41A9-912E-54ADBAA41590}
		{E820EEDE-23A1-49A6-B35E-8BB3DDB0E9EC} = {D08CEF07-2373-41A9-912E-54ADBAA41590}
		{61A3C96D-1119-4EC4-9A7E-EBD212C02972} = {F4F6B7D5-3858-4786-B8CA-4C141A65B4BA}
		{3945A224-D924-4745-80D4-50BF12F2EAB8} = {AE18957B-93D8-47E9-BE6A-F581AFE97BD7}
	EndGlobalSection
	GlobalSection(ExtensibilityGlobals) = postSolution
		SolutionGuid = {1B329C06-F7C1-4C44-B486-B2683ADBDC4E}
	EndGlobalSection
EndGlobal
